
Microsoft Visual Studio Solution File, Format Version 12.00
# Visual Studio Version 17
Project("{2150E333-8FDC-42A3-9474-1A3956D46DE8}") = "cmake", "cmake", "{522BEEBB-6467-3811-953E-1FAABE960946}"
EndProject
Project("{2150E333-8FDC-42A3-9474-1A3956D46DE8}") = "glslang", "glslang", "{361AA261-50D8-3419-A58B-268049AAD5F4}"
EndProject
Project("{2150E333-8FDC-42A3-9474-1A3956D46DE8}") = "libncnn", "libncnn", "{EDEF73C9-B882-3087-A3F3-DE2CB3B12A77}"
EndProject
Project("{8BC9CEB8-8B4A-11D0-8D11-00A0C91BC942}") = "ALL_BUILD", "ALL_BUILD.vcxproj", "{F301DBC6-88E5-32A9-9406-8B385C163AC1}"
	ProjectSection(ProjectDependencies) = postProject
		{01F4EA65-3609-3E10-B9FD-D74CD0423993} = {01F4EA65-3609-3E10-B9FD-D74CD0423993}
		{5109A1A8-1B8E-396F-AF3C-154894E57CB2} = {5109A1A8-1B8E-396F-AF3C-154894E57CB2}
		{E6EE117A-B49A-3C87-A517-ADDB86690596} = {E6EE117A-B49A-3C87-A517-ADDB86690596}
		{44AC1063-6D73-386F-9761-412765E0D86E} = {44AC1063-6D73-386F-9761-412765E0D86E}
		{17FE5BC9-7923-3FDF-BD53-7BAC45440C78} = {17FE5BC9-7923-3FDF-BD53-7BAC45440C78}
		{0F038958-F672-3387-B236-9C3832D80FFF} = {0F038958-F672-3387-B236-9C3832D80FFF}
		{586A6636-5173-3C38-837E-B91217FCCA8A} = {586A6636-5173-3C38-837E-B91217FCCA8A}
		{266C74D0-2DD8-3DFE-9138-924D38131351} = {266C74D0-2DD8-3DFE-9138-924D38131351}
		{C94EAF8B-A766-3766-9CE4-FB27D3DC7BA6} = {C94EAF8B-A766-3766-9CE4-FB27D3DC7BA6}
		{F3B5AA31-2046-327F-A1BA-5070E4A18AF4} = {F3B5AA31-2046-327F-A1BA-5070E4A18AF4}
		{DC94ADE7-4685-3DB0-85FA-29C201CDEBD8} = {DC94ADE7-4685-3DB0-85FA-29C201CDEBD8}
		{6908F308-CF31-35B0-A387-58924B20D086} = {6908F308-CF31-35B0-A387-58924B20D086}
		{86A94865-4BD8-3F81-A126-4EE7349F9D65} = {86A94865-4BD8-3F81-A126-4EE7349F9D65}
		{054708BD-AAB3-379A-92C6-F73178F5A0D1} = {054708BD-AAB3-379A-92C6-F73178F5A0D1}
		{41079ABF-D8FB-3183-AECA-3EC5D31B8F78} = {41079ABF-D8FB-3183-AECA-3EC5D31B8F78}
		{95DF3152-6C0A-3DC2-A628-AC99FC8D42EA} = {95DF3152-6C0A-3DC2-A628-AC99FC8D42EA}
		{4AD33575-88ED-3C34-BCCC-F8A4A0F27024} = {4AD33575-88ED-3C34-BCCC-F8A4A0F27024}
		{2AF3F342-A091-3F81-B9FE-7334196A04D3} = {2AF3F342-A091-3F81-B9FE-7334196A04D3}
	EndProjectSection
EndProject
Project("{8BC9CEB8-8B4A-11D0-8D11-00A0C91BC942}") = "GenericCodeGen", "ncnn\glslang\glslang\GenericCodeGen.vcxproj", "{01F4EA65-3609-3E10-B9FD-D74CD0423993}"
	ProjectSection(ProjectDependencies) = postProject
		{0F038958-F672-3387-B236-9C3832D80FFF} = {0F038958-F672-3387-B236-9C3832D80FFF}
	EndProjectSection
EndProject
Project("{8BC9CEB8-8B4A-11D0-8D11-00A0C91BC942}") = "INSTALL", "INSTALL.vcxproj", "{58ADD1F1-9C26-3807-A567-1C70AC99AA35}"
	ProjectSection(ProjectDependencies) = postProject
		{F301DBC6-88E5-32A9-9406-8B385C163AC1} = {F301DBC6-88E5-32A9-9406-8B385C163AC1}
		{0F038958-F672-3387-B236-9C3832D80FFF} = {0F038958-F672-3387-B236-9C3832D80FFF}
	EndProjectSection
EndProject
Project("{8BC9CEB8-8B4A-11D0-8D11-00A0C91BC942}") = "MachineIndependent", "ncnn\glslang\glslang\MachineIndependent.vcxproj", "{5109A1A8-1B8E-396F-AF3C-154894E57CB2}"
	ProjectSection(ProjectDependencies) = postProject
		{01F4EA65-3609-3E10-B9FD-D74CD0423993} = {01F4EA65-3609-3E10-B9FD-D74CD0423993}
		{E6EE117A-B49A-3C87-A517-ADDB86690596} = {E6EE117A-B49A-3C87-A517-ADDB86690596}
		{44AC1063-6D73-386F-9761-412765E0D86E} = {44AC1063-6D73-386F-9761-412765E0D86E}
		{0F038958-F672-3387-B236-9C3832D80FFF} = {0F038958-F672-3387-B236-9C3832D80FFF}
	EndProjectSection
EndProject
Project("{8BC9CEB8-8B4A-11D0-8D11-00A0C91BC942}") = "OGLCompiler", "ncnn\glslang\OGLCompilersDLL\OGLCompiler.vcxproj", "{E6EE117A-B49A-3C87-A517-ADDB86690596}"
	ProjectSection(ProjectDependencies) = postProject
		{0F038958-F672-3387-B236-9C3832D80FFF} = {0F038958-F672-3387-B236-9C3832D80FFF}
	EndProjectSection
EndProject
Project("{8BC9CEB8-8B4A-11D0-8D11-00A0C91BC942}") = "OSDependent", "ncnn\glslang\glslang\OSDependent\Windows\OSDependent.vcxproj", "{44AC1063-6D73-386F-9761-412765E0D86E}"
	ProjectSection(ProjectDependencies) = postProject
		{0F038958-F672-3387-B236-9C3832D80FFF} = {0F038958-F672-3387-B236-9C3832D80FFF}
	EndProjectSection
EndProject
Project("{8BC9CEB8-8B4A-11D0-8D11-00A0C91BC942}") = "SPIRV", "ncnn\glslang\SPIRV\SPIRV.vcxproj", "{17FE5BC9-7923-3FDF-BD53-7BAC45440C78}"
	ProjectSection(ProjectDependencies) = postProject
		{01F4EA65-3609-3E10-B9FD-D74CD0423993} = {01F4EA65-3609-3E10-B9FD-D74CD0423993}
		{5109A1A8-1B8E-396F-AF3C-154894E57CB2} = {5109A1A8-1B8E-396F-AF3C-154894E57CB2}
		{E6EE117A-B49A-3C87-A517-ADDB86690596} = {E6EE117A-B49A-3C87-A517-ADDB86690596}
		{44AC1063-6D73-386F-9761-412765E0D86E} = {44AC1063-6D73-386F-9761-412765E0D86E}
		{0F038958-F672-3387-B236-9C3832D80FFF} = {0F038958-F672-3387-B236-9C3832D80FFF}
	EndProjectSection
EndProject
Project("{8BC9CEB8-8B4A-11D0-8D11-00A0C91BC942}") = "ZERO_CHECK", "ZERO_CHECK.vcxproj", "{0F038958-F672-3387-B236-9C3832D80FFF}"
	ProjectSection(ProjectDependencies) = postProject
	EndProjectSection
EndProject
Project("{8BC9CEB8-8B4A-11D0-8D11-00A0C91BC942}") = "generate-spirv", "generate-spirv.vcxproj", "{156E528F-22C9-353E-B739-5FBC50DA4FC8}"
	ProjectSection(ProjectDependencies) = postProject
		{0F038958-F672-3387-B236-9C3832D80FFF} = {0F038958-F672-3387-B236-9C3832D80FFF}
	EndProjectSection
EndProject
Project("{8BC9CEB8-8B4A-11D0-8D11-00A0C91BC942}") = "glslang", "ncnn\glslang\glslang\glslang.vcxproj", "{586A6636-5173-3C38-837E-B91217FCCA8A}"
	ProjectSection(ProjectDependencies) = postProject
		{01F4EA65-3609-3E10-B9FD-D74CD0423993} = {01F4EA65-3609-3E10-B9FD-D74CD0423993}
		{5109A1A8-1B8E-396F-AF3C-154894E57CB2} = {5109A1A8-1B8E-396F-AF3C-154894E57CB2}
		{E6EE117A-B49A-3C87-A517-ADDB86690596} = {E6EE117A-B49A-3C87-A517-ADDB86690596}
		{44AC1063-6D73-386F-9761-412765E0D86E} = {44AC1063-6D73-386F-9761-412765E0D86E}
		{0F038958-F672-3387-B236-9C3832D80FFF} = {0F038958-F672-3387-B236-9C3832D80FFF}
	EndProjectSection
EndProject
Project("{8BC9CEB8-8B4A-11D0-8D11-00A0C91BC942}") = "ncnn", "ncnn\src\ncnn.vcxproj", "{266C74D0-2DD8-3DFE-9138-924D38131351}"
	ProjectSection(ProjectDependencies) = postProject
		{01F4EA65-3609-3E10-B9FD-D74CD0423993} = {01F4EA65-3609-3E10-B9FD-D74CD0423993}
		{5109A1A8-1B8E-396F-AF3C-154894E57CB2} = {5109A1A8-1B8E-396F-AF3C-154894E57CB2}
		{E6EE117A-B49A-3C87-A517-ADDB86690596} = {E6EE117A-B49A-3C87-A517-ADDB86690596}
		{44AC1063-6D73-386F-9761-412765E0D86E} = {44AC1063-6D73-386F-9761-412765E0D86E}
		{17FE5BC9-7923-3FDF-BD53-7BAC45440C78} = {17FE5BC9-7923-3FDF-BD53-7BAC45440C78}
		{0F038958-F672-3387-B236-9C3832D80FFF} = {0F038958-F672-3387-B236-9C3832D80FFF}
		{586A6636-5173-3C38-837E-B91217FCCA8A} = {586A6636-5173-3C38-837E-B91217FCCA8A}
		{058181DA-8BF1-3D1F-8854-9934D2BCFE52} = {058181DA-8BF1-3D1F-8854-9934D2BCFE52}
	EndProjectSection
EndProject
Project("{8BC9CEB8-8B4A-11D0-8D11-00A0C91BC942}") = "ncnn-generate-spirv", "ncnn\src\ncnn-generate-spirv.vcxproj", "{058181DA-8BF1-3D1F-8854-9934D2BCFE52}"
	ProjectSection(ProjectDependencies) = postProject
		{0F038958-F672-3387-B236-9C3832D80FFF} = {0F038958-F672-3387-B236-9C3832D80FFF}
	EndProjectSection
EndProject
Project("{8BC9CEB8-8B4A-11D0-8D11-00A0C91BC942}") = "rife-ncnn-vulkan", "rife-ncnn-vulkan.vcxproj", "{C94EAF8B-A766-3766-9CE4-FB27D3DC7BA6}"
	ProjectSection(ProjectDependencies) = postProject
		{01F4EA65-3609-3E10-B9FD-D74CD0423993} = {01F4EA65-3609-3E10-B9FD-D74CD0423993}
		{5109A1A8-1B8E-396F-AF3C-154894E57CB2} = {5109A1A8-1B8E-396F-AF3C-154894E57CB2}
		{E6EE117A-B49A-3C87-A517-ADDB86690596} = {E6EE117A-B49A-3C87-A517-ADDB86690596}
		{44AC1063-6D73-386F-9761-412765E0D86E} = {44AC1063-6D73-386F-9761-412765E0D86E}
		{17FE5BC9-7923-3FDF-BD53-7BAC45440C78} = {17FE5BC9-7923-3FDF-BD53-7BAC45440C78}
		{0F038958-F672-3387-B236-9C3832D80FFF} = {0F038958-F672-3387-B236-9C3832D80FFF}
		{156E528F-22C9-353E-B739-5FBC50DA4FC8} = {156E528F-22C9-353E-B739-5FBC50DA4FC8}
		{586A6636-5173-3C38-837E-B91217FCCA8A} = {586A6636-5173-3C38-837E-B91217FCCA8A}
		{266C74D0-2DD8-3DFE-9138-924D38131351} = {266C74D0-2DD8-3DFE-9138-924D38131351}
		{F3B5AA31-2046-327F-A1BA-5070E4A18AF4} = {F3B5AA31-2046-327F-A1BA-5070E4A18AF4}
	EndProjectSection
EndProject
Project("{8BC9CEB8-8B4A-11D0-8D11-00A0C91BC942}") = "webp", "libwebp\webp.vcxproj", "{F3B5AA31-2046-327F-A1BA-5070E4A18AF4}"
	ProjectSection(ProjectDependencies) = postProject
		{0F038958-F672-3387-B236-9C3832D80FFF} = {0F038958-F672-3387-B236-9C3832D80FFF}
		{DC94ADE7-4685-3DB0-85FA-29C201CDEBD8} = {DC94ADE7-4685-3DB0-85FA-29C201CDEBD8}
		{054708BD-AAB3-379A-92C6-F73178F5A0D1} = {054708BD-AAB3-379A-92C6-F73178F5A0D1}
		{95DF3152-6C0A-3DC2-A628-AC99FC8D42EA} = {95DF3152-6C0A-3DC2-A628-AC99FC8D42EA}
		{4AD33575-88ED-3C34-BCCC-F8A4A0F27024} = {4AD33575-88ED-3C34-BCCC-F8A4A0F27024}
	EndProjectSection
EndProject
Project("{8BC9CEB8-8B4A-11D0-8D11-00A0C91BC942}") = "webpdecode", "libwebp\webpdecode.vcxproj", "{DC94ADE7-4685-3DB0-85FA-29C201CDEBD8}"
	ProjectSection(ProjectDependencies) = postProject
		{0F038958-F672-3387-B236-9C3832D80FFF} = {0F038958-F672-3387-B236-9C3832D80FFF}
	EndProjectSection
EndProject
Project("{8BC9CEB8-8B4A-11D0-8D11-00A0C91BC942}") = "webpdecoder", "libwebp\webpdecoder.vcxproj", "{6908F308-CF31-35B0-A387-58924B20D086}"
	ProjectSection(ProjectDependencies) = postProject
		{0F038958-F672-3387-B236-9C3832D80FFF} = {0F038958-F672-3387-B236-9C3832D80FFF}
		{DC94ADE7-4685-3DB0-85FA-29C201CDEBD8} = {DC94ADE7-4685-3DB0-85FA-29C201CDEBD8}
		{41079ABF-D8FB-3183-AECA-3EC5D31B8F78} = {41079ABF-D8FB-3183-AECA-3EC5D31B8F78}
		{2AF3F342-A091-3F81-B9FE-7334196A04D3} = {2AF3F342-A091-3F81-B9FE-7334196A04D3}
	EndProjectSection
EndProject
Project("{8BC9CEB8-8B4A-11D0-8D11-00A0C91BC942}") = "webpdemux", "libwebp\webpdemux.vcxproj", "{86A94865-4BD8-3F81-A126-4EE7349F9D65}"
	ProjectSection(ProjectDependencies) = postProject
		{0F038958-F672-3387-B236-9C3832D80FFF} = {0F038958-F672-3387-B236-9C3832D80FFF}
		{F3B5AA31-2046-327F-A1BA-5070E4A18AF4} = {F3B5AA31-2046-327F-A1BA-5070E4A18AF4}
	EndProjectSection
EndProject
Project("{8BC9CEB8-8B4A-11D0-8D11-00A0C91BC942}") = "webpdsp", "libwebp\webpdsp.vcxproj", "{054708BD-AAB3-379A-92C6-F73178F5A0D1}"
	ProjectSection(ProjectDependencies) = postProject
		{0F038958-F672-3387-B236-9C3832D80FFF} = {0F038958-F672-3387-B236-9C3832D80FFF}
	EndProjectSection
EndProject
Project("{8BC9CEB8-8B4A-11D0-8D11-00A0C91BC942}") = "webpdspdecode", "libwebp\webpdspdecode.vcxproj", "{41079ABF-D8FB-3183-AECA-3EC5D31B8F78}"
	ProjectSection(ProjectDependencies) = postProject
		{0F038958-F672-3387-B236-9C3832D80FFF} = {0F038958-F672-3387-B236-9C3832D80FFF}
	EndProjectSection
EndProject
Project("{8BC9CEB8-8B4A-11D0-8D11-00A0C91BC942}") = "webpencode", "libwebp\webpencode.vcxproj", "{95DF3152-6C0A-3DC2-A628-AC99FC8D42EA}"
	ProjectSection(ProjectDependencies) = postProject
		{0F038958-F672-3387-B236-9C3832D80FFF} = {0F038958-F672-3387-B236-9C3832D80FFF}
	EndProjectSection
EndProject
Project("{8BC9CEB8-8B4A-11D0-8D11-00A0C91BC942}") = "webputils", "libwebp\webputils.vcxproj", "{4AD33575-88ED-3C34-BCCC-F8A4A0F27024}"
	ProjectSection(ProjectDependencies) = postProject
		{0F038958-F672-3387-B236-9C3832D80FFF} = {0F038958-F672-3387-B236-9C3832D80FFF}
	EndProjectSection
EndProject
Project("{8BC9CEB8-8B4A-11D0-8D11-00A0C91BC942}") = "webputilsdecode", "libwebp\webputilsdecode.vcxproj", "{2AF3F342-A091-3F81-B9FE-7334196A04D3}"
	ProjectSection(ProjectDependencies) = postProject
		{0F038958-F672-3387-B236-9C3832D80FFF} = {0F038958-F672-3387-B236-9C3832D80FFF}
	EndProjectSection
EndProject
Global
	GlobalSection(SolutionConfigurationPlatforms) = preSolution
		Debug|x64 = Debug|x64
		Release|x64 = Release|x64
		MinSizeRel|x64 = MinSizeRel|x64
		RelWithDebInfo|x64 = RelWithDebInfo|x64
	EndGlobalSection
	GlobalSection(ProjectConfigurationPlatforms) = postSolution
		{F301DBC6-88E5-32A9-9406-8B385C163AC1}.Debug|x64.ActiveCfg = Debug|x64
		{F301DBC6-88E5-32A9-9406-8B385C163AC1}.Debug|x64.Build.0 = Debug|x64
		{F301DBC6-88E5-32A9-9406-8B385C163AC1}.Release|x64.ActiveCfg = Release|x64
		{F301DBC6-88E5-32A9-9406-8B385C163AC1}.Release|x64.Build.0 = Release|x64
		{F301DBC6-88E5-32A9-9406-8B385C163AC1}.MinSizeRel|x64.ActiveCfg = MinSizeRel|x64
		{F301DBC6-88E5-32A9-9406-8B385C163AC1}.MinSizeRel|x64.Build.0 = MinSizeRel|x64
		{F301DBC6-88E5-32A9-9406-8B385C163AC1}.RelWithDebInfo|x64.ActiveCfg = RelWithDebInfo|x64
		{F301DBC6-88E5-32A9-9406-8B385C163AC1}.RelWithDebInfo|x64.Build.0 = RelWithDebInfo|x64
		{01F4EA65-3609-3E10-B9FD-D74CD0423993}.Debug|x64.ActiveCfg = Debug|x64
		{01F4EA65-3609-3E10-B9FD-D74CD0423993}.Debug|x64.Build.0 = Debug|x64
		{01F4EA65-3609-3E10-B9FD-D74CD0423993}.Release|x64.ActiveCfg = Release|x64
		{01F4EA65-3609-3E10-B9FD-D74CD0423993}.Release|x64.Build.0 = Release|x64
		{01F4EA65-3609-3E10-B9FD-D74CD0423993}.MinSizeRel|x64.ActiveCfg = MinSizeRel|x64
		{01F4EA65-3609-3E10-B9FD-D74CD0423993}.MinSizeRel|x64.Build.0 = MinSizeRel|x64
		{01F4EA65-3609-3E10-B9FD-D74CD0423993}.RelWithDebInfo|x64.ActiveCfg = RelWithDebInfo|x64
		{01F4EA65-3609-3E10-B9FD-D74CD0423993}.RelWithDebInfo|x64.Build.0 = RelWithDebInfo|x64
		{58ADD1F1-9C26-3807-A567-1C70AC99AA35}.Debug|x64.ActiveCfg = Debug|x64
		{58ADD1F1-9C26-3807-A567-1C70AC99AA35}.Release|x64.ActiveCfg = Release|x64
		{58ADD1F1-9C26-3807-A567-1C70AC99AA35}.MinSizeRel|x64.ActiveCfg = MinSizeRel|x64
		{58ADD1F1-9C26-3807-A567-1C70AC99AA35}.RelWithDebInfo|x64.ActiveCfg = RelWithDebInfo|x64
		{5109A1A8-1B8E-396F-AF3C-154894E57CB2}.Debug|x64.ActiveCfg = Debug|x64
		{5109A1A8-1B8E-396F-AF3C-154894E57CB2}.Debug|x64.Build.0 = Debug|x64
		{5109A1A8-1B8E-396F-AF3C-154894E57CB2}.Release|x64.ActiveCfg = Release|x64
		{5109A1A8-1B8E-396F-AF3C-154894E57CB2}.Release|x64.Build.0 = Release|x64
		{5109A1A8-1B8E-396F-AF3C-154894E57CB2}.MinSizeRel|x64.ActiveCfg = MinSizeRel|x64
		{5109A1A8-1B8E-396F-AF3C-154894E57CB2}.MinSizeRel|x64.Build.0 = MinSizeRel|x64
		{5109A1A8-1B8E-396F-AF3C-154894E57CB2}.RelWithDebInfo|x64.ActiveCfg = RelWithDebInfo|x64
		{5109A1A8-1B8E-396F-AF3C-154894E57CB2}.RelWithDebInfo|x64.Build.0 = RelWithDebInfo|x64
		{E6EE117A-B49A-3C87-A517-ADDB86690596}.Debug|x64.ActiveCfg = Debug|x64
		{E6EE117A-B49A-3C87-A517-ADDB86690596}.Debug|x64.Build.0 = Debug|x64
		{E6EE117A-B49A-3C87-A517-ADDB86690596}.Release|x64.ActiveCfg = Release|x64
		{E6EE117A-B49A-3C87-A517-ADDB86690596}.Release|x64.Build.0 = Release|x64
		{E6EE117A-B49A-3C87-A517-ADDB86690596}.MinSizeRel|x64.ActiveCfg = MinSizeRel|x64
		{E6EE117A-B49A-3C87-A517-ADDB86690596}.MinSizeRel|x64.Build.0 = MinSizeRel|x64
		{E6EE117A-B49A-3C87-A517-ADDB86690596}.RelWithDebInfo|x64.ActiveCfg = RelWithDebInfo|x64
		{E6EE117A-B49A-3C87-A517-ADDB86690596}.RelWithDebInfo|x64.Build.0 = RelWithDebInfo|x64
		{44AC1063-6D73-386F-9761-412765E0D86E}.Debug|x64.ActiveCfg = Debug|x64
		{44AC1063-6D73-386F-9761-412765E0D86E}.Debug|x64.Build.0 = Debug|x64
		{44AC1063-6D73-386F-9761-412765E0D86E}.Release|x64.ActiveCfg = Release|x64
		{44AC1063-6D73-386F-9761-412765E0D86E}.Release|x64.Build.0 = Release|x64
		{44AC1063-6D73-386F-9761-412765E0D86E}.MinSizeRel|x64.ActiveCfg = MinSizeRel|x64
		{44AC1063-6D73-386F-9761-412765E0D86E}.MinSizeRel|x64.Build.0 = MinSizeRel|x64
		{44AC1063-6D73-386F-9761-412765E0D86E}.RelWithDebInfo|x64.ActiveCfg = RelWithDebInfo|x64
		{44AC1063-6D73-386F-9761-412765E0D86E}.RelWithDebInfo|x64.Build.0 = RelWithDebInfo|x64
		{17FE5BC9-7923-3FDF-BD53-7BAC45440C78}.Debug|x64.ActiveCfg = Debug|x64
		{17FE5BC9-7923-3FDF-BD53-7BAC45440C78}.Debug|x64.Build.0 = Debug|x64
		{17FE5BC9-7923-3FDF-BD53-7BAC45440C78}.Release|x64.ActiveCfg = Release|x64
		{17FE5BC9-7923-3FDF-BD53-7BAC45440C78}.Release|x64.Build.0 = Release|x64
		{17FE5BC9-7923-3FDF-BD53-7BAC45440C78}.MinSizeRel|x64.ActiveCfg = MinSizeRel|x64
		{17FE5BC9-7923-3FDF-BD53-7BAC45440C78}.MinSizeRel|x64.Build.0 = MinSizeRel|x64
		{17FE5BC9-7923-3FDF-BD53-7BAC45440C78}.RelWithDebInfo|x64.ActiveCfg = RelWithDebInfo|x64
		{17FE5BC9-7923-3FDF-BD53-7BAC45440C78}.RelWithDebInfo|x64.Build.0 = RelWithDebInfo|x64
		{0F038958-F672-3387-B236-9C3832D80FFF}.Debug|x64.ActiveCfg = Debug|x64
		{0F038958-F672-3387-B236-9C3832D80FFF}.Debug|x64.Build.0 = Debug|x64
		{0F038958-F672-3387-B236-9C3832D80FFF}.Release|x64.ActiveCfg = Release|x64
		{0F038958-F672-3387-B236-9C3832D80FFF}.Release|x64.Build.0 = Release|x64
		{0F038958-F672-3387-B236-9C3832D80FFF}.MinSizeRel|x64.ActiveCfg = MinSizeRel|x64
		{0F038958-F672-3387-B236-9C3832D80FFF}.MinSizeRel|x64.Build.0 = MinSizeRel|x64
		{0F038958-F672-3387-B236-9C3832D80FFF}.RelWithDebInfo|x64.ActiveCfg = RelWithDebInfo|x64
		{0F038958-F672-3387-B236-9C3832D80FFF}.RelWithDebInfo|x64.Build.0 = RelWithDebInfo|x64
		{156E528F-22C9-353E-B739-5FBC50DA4FC8}.Debug|x64.ActiveCfg = Debug|x64
		{156E528F-22C9-353E-B739-5FBC50DA4FC8}.Debug|x64.Build.0 = Debug|x64
		{156E528F-22C9-353E-B739-5FBC50DA4FC8}.Release|x64.ActiveCfg = Release|x64
		{156E528F-22C9-353E-B739-5FBC50DA4FC8}.Release|x64.Build.0 = Release|x64
		{156E528F-22C9-353E-B739-5FBC50DA4FC8}.MinSizeRel|x64.ActiveCfg = MinSizeRel|x64
		{156E528F-22C9-353E-B739-5FBC50DA4FC8}.MinSizeRel|x64.Build.0 = MinSizeRel|x64
		{156E528F-22C9-353E-B739-5FBC50DA4FC8}.RelWithDebInfo|x64.ActiveCfg = RelWithDebInfo|x64
		{156E528F-22C9-353E-B739-5FBC50DA4FC8}.RelWithDebInfo|x64.Build.0 = RelWithDebInfo|x64
		{586A6636-5173-3C38-837E-B91217FCCA8A}.Debug|x64.ActiveCfg = Debug|x64
		{586A6636-5173-3C38-837E-B91217FCCA8A}.Debug|x64.Build.0 = Debug|x64
		{586A6636-5173-3C38-837E-B91217FCCA8A}.Release|x64.ActiveCfg = Release|x64
		{586A6636-5173-3C38-837E-B91217FCCA8A}.Release|x64.Build.0 = Release|x64
		{586A6636-5173-3C38-837E-B91217FCCA8A}.MinSizeRel|x64.ActiveCfg = MinSizeRel|x64
		{586A6636-5173-3C38-837E-B91217FCCA8A}.MinSizeRel|x64.Build.0 = MinSizeRel|x64
		{586A6636-5173-3C38-837E-B91217FCCA8A}.RelWithDebInfo|x64.ActiveCfg = RelWithDebInfo|x64
		{586A6636-5173-3C38-837E-B91217FCCA8A}.RelWithDebInfo|x64.Build.0 = RelWithDebInfo|x64
		{266C74D0-2DD8-3DFE-9138-924D38131351}.Debug|x64.ActiveCfg = Debug|x64
		{266C74D0-2DD8-3DFE-9138-924D38131351}.Debug|x64.Build.0 = Debug|x64
		{266C74D0-2DD8-3DFE-9138-924D38131351}.Release|x64.ActiveCfg = Release|x64
		{266C74D0-2DD8-3DFE-9138-924D38131351}.Release|x64.Build.0 = Release|x64
		{266C74D0-2DD8-3DFE-9138-924D38131351}.MinSizeRel|x64.ActiveCfg = MinSizeRel|x64
		{266C74D0-2DD8-3DFE-9138-924D38131351}.MinSizeRel|x64.Build.0 = MinSizeRel|x64
		{266C74D0-2DD8-3DFE-9138-924D38131351}.RelWithDebInfo|x64.ActiveCfg = RelWithDebInfo|x64
		{266C74D0-2DD8-3DFE-9138-924D38131351}.RelWithDebInfo|x64.Build.0 = RelWithDebInfo|x64
		{058181DA-8BF1-3D1F-8854-9934D2BCFE52}.Debug|x64.ActiveCfg = Debug|x64
		{058181DA-8BF1-3D1F-8854-9934D2BCFE52}.Debug|x64.Build.0 = Debug|x64
		{058181DA-8BF1-3D1F-8854-9934D2BCFE52}.Release|x64.ActiveCfg = Release|x64
		{058181DA-8BF1-3D1F-8854-9934D2BCFE52}.Release|x64.Build.0 = Release|x64
		{058181DA-8BF1-3D1F-8854-9934D2BCFE52}.MinSizeRel|x64.ActiveCfg = MinSizeRel|x64
		{058181DA-8BF1-3D1F-8854-9934D2BCFE52}.MinSizeRel|x64.Build.0 = MinSizeRel|x64
		{058181DA-8BF1-3D1F-8854-9934D2BCFE52}.RelWithDebInfo|x64.ActiveCfg = RelWithDebInfo|x64
		{058181DA-8BF1-3D1F-8854-9934D2BCFE52}.RelWithDebInfo|x64.Build.0 = RelWithDebInfo|x64
		{C94EAF8B-A766-3766-9CE4-FB27D3DC7BA6}.Debug|x64.ActiveCfg = Debug|x64
		{C94EAF8B-A766-3766-9CE4-FB27D3DC7BA6}.Debug|x64.Build.0 = Debug|x64
		{C94EAF8B-A766-3766-9CE4-FB27D3DC7BA6}.Release|x64.ActiveCfg = Release|x64
		{C94EAF8B-A766-3766-9CE4-FB27D3DC7BA6}.Release|x64.Build.0 = Release|x64
		{C94EAF8B-A766-3766-9CE4-FB27D3DC7BA6}.MinSizeRel|x64.ActiveCfg = MinSizeRel|x64
		{C94EAF8B-A766-3766-9CE4-FB27D3DC7BA6}.MinSizeRel|x64.Build.0 = MinSizeRel|x64
		{C94EAF8B-A766-3766-9CE4-FB27D3DC7BA6}.RelWithDebInfo|x64.ActiveCfg = RelWithDebInfo|x64
		{C94EAF8B-A766-3766-9CE4-FB27D3DC7BA6}.RelWithDebInfo|x64.Build.0 = RelWithDebInfo|x64
		{F3B5AA31-2046-327F-A1BA-5070E4A18AF4}.Debug|x64.ActiveCfg = Debug|x64
		{F3B5AA31-2046-327F-A1BA-5070E4A18AF4}.Debug|x64.Build.0 = Debug|x64
		{F3B5AA31-2046-327F-A1BA-5070E4A18AF4}.Release|x64.ActiveCfg = Release|x64
		{F3B5AA31-2046-327F-A1BA-5070E4A18AF4}.Release|x64.Build.0 = Release|x64
		{F3B5AA31-2046-327F-A1BA-5070E4A18AF4}.MinSizeRel|x64.ActiveCfg = MinSizeRel|x64
		{F3B5AA31-2046-327F-A1BA-5070E4A18AF4}.MinSizeRel|x64.Build.0 = MinSizeRel|x64
		{F3B5AA31-2046-327F-A1BA-5070E4A18AF4}.RelWithDebInfo|x64.ActiveCfg = RelWithDebInfo|x64
		{F3B5AA31-2046-327F-A1BA-5070E4A18AF4}.RelWithDebInfo|x64.Build.0 = RelWithDebInfo|x64
		{DC94ADE7-4685-3DB0-85FA-29C201CDEBD8}.Debug|x64.ActiveCfg = Debug|x64
		{DC94ADE7-4685-3DB0-85FA-29C201CDEBD8}.Debug|x64.Build.0 = Debug|x64
		{DC94ADE7-4685-3DB0-85FA-29C201CDEBD8}.Release|x64.ActiveCfg = Release|x64
		{DC94ADE7-4685-3DB0-85FA-29C201CDEBD8}.Release|x64.Build.0 = Release|x64
		{DC94ADE7-4685-3DB0-85FA-29C201CDEBD8}.MinSizeRel|x64.ActiveCfg = MinSizeRel|x64
		{DC94ADE7-4685-3DB0-85FA-29C201CDEBD8}.MinSizeRel|x64.Build.0 = MinSizeRel|x64
		{DC94ADE7-4685-3DB0-85FA-29C201CDEBD8}.RelWithDebInfo|x64.ActiveCfg = RelWithDebInfo|x64
		{DC94ADE7-4685-3DB0-85FA-29C201CDEBD8}.RelWithDebInfo|x64.Build.0 = RelWithDebInfo|x64
		{6908F308-CF31-35B0-A387-58924B20D086}.Debug|x64.ActiveCfg = Debug|x64
		{6908F308-CF31-35B0-A387-58924B20D086}.Debug|x64.Build.0 = Debug|x64
		{6908F308-CF31-35B0-A387-58924B20D086}.Release|x64.ActiveCfg = Release|x64
		{6908F308-CF31-35B0-A387-58924B20D086}.Release|x64.Build.0 = Release|x64
		{6908F308-CF31-35B0-A387-58924B20D086}.MinSizeRel|x64.ActiveCfg = MinSizeRel|x64
		{6908F308-CF31-35B0-A387-58924B20D086}.MinSizeRel|x64.Build.0 = MinSizeRel|x64
		{6908F308-CF31-35B0-A387-58924B20D086}.RelWithDebInfo|x64.ActiveCfg = RelWithDebInfo|x64
		{6908F308-CF31-35B0-A387-58924B20D086}.RelWithDebInfo|x64.Build.0 = RelWithDebInfo|x64
		{86A94865-4BD8-3F81-A126-4EE7349F9D65}.Debug|x64.ActiveCfg = Debug|x64
		{86A94865-4BD8-3F81-A126-4EE7349F9D65}.Debug|x64.Build.0 = Debug|x64
		{86A94865-4BD8-3F81-A126-4EE7349F9D65}.Release|x64.ActiveCfg = Release|x64
		{86A94865-4BD8-3F81-A126-4EE7349F9D65}.Release|x64.Build.0 = Release|x64
		{86A94865-4BD8-3F81-A126-4EE7349F9D65}.MinSizeRel|x64.ActiveCfg = MinSizeRel|x64
		{86A94865-4BD8-3F81-A126-4EE7349F9D65}.MinSizeRel|x64.Build.0 = MinSizeRel|x64
		{86A94865-4BD8-3F81-A126-4EE7349F9D65}.RelWithDebInfo|x64.ActiveCfg = RelWithDebInfo|x64
		{86A94865-4BD8-3F81-A126-4EE7349F9D65}.RelWithDebInfo|x64.Build.0 = RelWithDebInfo|x64
		{054708BD-AAB3-379A-92C6-F73178F5A0D1}.Debug|x64.ActiveCfg = Debug|x64
		{054708BD-AAB3-379A-92C6-F73178F5A0D1}.Debug|x64.Build.0 = Debug|x64
		{054708BD-AAB3-379A-92C6-F73178F5A0D1}.Release|x64.ActiveCfg = Release|x64
		{054708BD-AAB3-379A-92C6-F73178F5A0D1}.Release|x64.Build.0 = Release|x64
		{054708BD-AAB3-379A-92C6-F73178F5A0D1}.MinSizeRel|x64.ActiveCfg = MinSizeRel|x64
		{054708BD-AAB3-379A-92C6-F73178F5A0D1}.MinSizeRel|x64.Build.0 = MinSizeRel|x64
		{054708BD-AAB3-379A-92C6-F73178F5A0D1}.RelWithDebInfo|x64.ActiveCfg = RelWithDebInfo|x64
		{054708BD-AAB3-379A-92C6-F73178F5A0D1}.RelWithDebInfo|x64.Build.0 = RelWithDebInfo|x64
		{41079ABF-D8FB-3183-AECA-3EC5D31B8F78}.Debug|x64.ActiveCfg = Debug|x64
		{41079ABF-D8FB-3183-AECA-3EC5D31B8F78}.Debug|x64.Build.0 = Debug|x64
		{41079ABF-D8FB-3183-AECA-3EC5D31B8F78}.Release|x64.ActiveCfg = Release|x64
		{41079ABF-D8FB-3183-AECA-3EC5D31B8F78}.Release|x64.Build.0 = Release|x64
		{41079ABF-D8FB-3183-AECA-3EC5D31B8F78}.MinSizeRel|x64.ActiveCfg = MinSizeRel|x64
		{41079ABF-D8FB-3183-AECA-3EC5D31B8F78}.MinSizeRel|x64.Build.0 = MinSizeRel|x64
		{41079ABF-D8FB-3183-AECA-3EC5D31B8F78}.RelWithDebInfo|x64.ActiveCfg = RelWithDebInfo|x64
		{41079ABF-D8FB-3183-AECA-3EC5D31B8F78}.RelWithDebInfo|x64.Build.0 = RelWithDebInfo|x64
		{95DF3152-6C0A-3DC2-A628-AC99FC8D42EA}.Debug|x64.ActiveCfg = Debug|x64
		{95DF3152-6C0A-3DC2-A628-AC99FC8D42EA}.Debug|x64.Build.0 = Debug|x64
		{95DF3152-6C0A-3DC2-A628-AC99FC8D42EA}.Release|x64.ActiveCfg = Release|x64
		{95DF3152-6C0A-3DC2-A628-AC99FC8D42EA}.Release|x64.Build.0 = Release|x64
		{95DF3152-6C0A-3DC2-A628-AC99FC8D42EA}.MinSizeRel|x64.ActiveCfg = MinSizeRel|x64
		{95DF3152-6C0A-3DC2-A628-AC99FC8D42EA}.MinSizeRel|x64.Build.0 = MinSizeRel|x64
		{95DF3152-6C0A-3DC2-A628-AC99FC8D42EA}.RelWithDebInfo|x64.ActiveCfg = RelWithDebInfo|x64
		{95DF3152-6C0A-3DC2-A628-AC99FC8D42EA}.RelWithDebInfo|x64.Build.0 = RelWithDebInfo|x64
		{4AD33575-88ED-3C34-BCCC-F8A4A0F27024}.Debug|x64.ActiveCfg = Debug|x64
		{4AD33575-88ED-3C34-BCCC-F8A4A0F27024}.Debug|x64.Build.0 = Debug|x64
		{4AD33575-88ED-3C34-BCCC-F8A4A0F27024}.Release|x64.ActiveCfg = Release|x64
		{4AD33575-88ED-3C34-BCCC-F8A4A0F27024}.Release|x64.Build.0 = Release|x64
		{4AD33575-88ED-3C34-BCCC-F8A4A0F27024}.MinSizeRel|x64.ActiveCfg = MinSizeRel|x64
		{4AD33575-88ED-3C34-BCCC-F8A4A0F27024}.MinSizeRel|x64.Build.0 = MinSizeRel|x64
		{4AD33575-88ED-3C34-BCCC-F8A4A0F27024}.RelWithDebInfo|x64.ActiveCfg = RelWithDebInfo|x64
		{4AD33575-88ED-3C34-BCCC-F8A4A0F27024}.RelWithDebInfo|x64.Build.0 = RelWithDebInfo|x64
		{2AF3F342-A091-3F81-B9FE-7334196A04D3}.Debug|x64.ActiveCfg = Debug|x64
		{2AF3F342-A091-3F81-B9FE-7334196A04D3}.Debug|x64.Build.0 = Debug|x64
		{2AF3F342-A091-3F81-B9FE-7334196A04D3}.Release|x64.ActiveCfg = Release|x64
		{2AF3F342-A091-3F81-B9FE-7334196A04D3}.Release|x64.Build.0 = Release|x64
		{2AF3F342-A091-3F81-B9FE-7334196A04D3}.MinSizeRel|x64.ActiveCfg = MinSizeRel|x64
		{2AF3F342-A091-3F81-B9FE-7334196A04D3}.MinSizeRel|x64.Build.0 = MinSizeRel|x64
		{2AF3F342-A091-3F81-B9FE-7334196A04D3}.RelWithDebInfo|x64.ActiveCfg = RelWithDebInfo|x64
		{2AF3F342-A091-3F81-B9FE-7334196A04D3}.RelWithDebInfo|x64.Build.0 = RelWithDebInfo|x64
	EndGlobalSection
	GlobalSection(NestedProjects) = preSolution
		{F301DBC6-88E5-32A9-9406-8B385C163AC1} = {522BEEBB-6467-3811-953E-1FAABE960946}
		{58ADD1F1-9C26-3807-A567-1C70AC99AA35} = {522BEEBB-6467-3811-953E-1FAABE960946}
		{0F038958-F672-3387-B236-9C3832D80FFF} = {522BEEBB-6467-3811-953E-1FAABE960946}
		{01F4EA65-3609-3E10-B9FD-D74CD0423993} = {361AA261-50D8-3419-A58B-268049AAD5F4}
		{5109A1A8-1B8E-396F-AF3C-154894E57CB2} = {361AA261-50D8-3419-A58B-268049AAD5F4}
		{E6EE117A-B49A-3C87-A517-ADDB86690596} = {361AA261-50D8-3419-A58B-268049AAD5F4}
		{44AC1063-6D73-386F-9761-412765E0D86E} = {361AA261-50D8-3419-A58B-268049AAD5F4}
		{17FE5BC9-7923-3FDF-BD53-7BAC45440C78} = {361AA261-50D8-3419-A58B-268049AAD5F4}
		{586A6636-5173-3C38-837E-B91217FCCA8A} = {361AA261-50D8-3419-A58B-268049AAD5F4}
		{266C74D0-2DD8-3DFE-9138-924D38131351} = {EDEF73C9-B882-3087-A3F3-DE2CB3B12A77}
		{058181DA-8BF1-3D1F-8854-9934D2BCFE52} = {EDEF73C9-B882-3087-A3F3-DE2CB3B12A77}
	EndGlobalSection
	GlobalSection(ExtensibilityGlobals) = postSolution
		SolutionGuid = {A54B6219-82BE-38C3-A2CA-6707BBE13F5C}
	EndGlobalSection
	GlobalSection(ExtensibilityAddIns) = postSolution
	EndGlobalSection
EndGlobal
