<?xml version="1.0" encoding="utf-8"?>
<Project ToolsVersion="17.0" xmlns="http://schemas.microsoft.com/developer/msbuild/2003">
  <ItemGroup>
    <CustomBuild Include="C:\Projects\rife-ncnn-vulkan\src\CMakeFiles\a10417ec7b20795ea9d4b53d94d5c677\generate.stamp.rule">
      <Filter>CMake Rules</Filter>
    </CustomBuild>
  </ItemGroup>
  <ItemGroup>
    <Filter Include="CMake Rules">
      <UniqueIdentifier>{F1F048F8-8038-3220-A161-A5AF9DB965E9}</UniqueIdentifier>
    </Filter>
  </ItemGroup>
</Project>
